{
  "name": "docs",
  "version": "1.0.0",
  "lockfileVersion": 3,
  "requires": true,
  "packages": {
    "": {
      "name": "docs",
      "version": "1.0.0",
      "license": "Apache-2.0",
      "dependencies": {
        "js-toml": "^1.0.2",
        "toml": "^3.0.0"
      }
    },
    "node_modules/@babel/runtime-corejs3": {
      "version": "7.28.3",
      "resolved": "https://registry.npmjs.org/@babel/runtime-corejs3/-/runtime-corejs3-7.28.3.tgz",
      "integrity": "sha512-LKYxD2CIfocUFNREQ1yk+dW+8OH8CRqmgatBZYXb+XhuObO8wsDpEoCNri5bKld9cnj8xukqZjxSX8p1YiRF8Q==",
      "license": "MIT",
      "dependencies": {
        "core-js-pure": "^3.43.0"
      },
      "engines": {
        "node": ">=6.9.0"
      }
    },
    "node_modules/@chevrotain/cst-dts-gen": {
      "version": "11.0.3",
      "resolved": "https://registry.npmjs.org/@chevrotain/cst-dts-gen/-/cst-dts-gen-11.0.3.tgz",
      "integrity": "sha512-BvIKpRLeS/8UbfxXxgC33xOumsacaeCKAjAeLyOn7Pcp95HiRbrpl14S+9vaZLolnbssPIUuiUd8IvgkRyt6NQ==",
      "license": "Apache-2.0",
      "dependencies": {
        "@chevrotain/gast": "11.0.3",
        "@chevrotain/types": "11.0.3",
        "lodash-es": "4.17.21"
      }
    },
    "node_modules/@chevrotain/gast": {
      "version": "11.0.3",
      "resolved": "https://registry.npmjs.org/@chevrotain/gast/-/gast-11.0.3.tgz",
      "integrity": "sha512-+qNfcoNk70PyS/uxmj3li5NiECO+2YKZZQMbmjTqRI3Qchu8Hig/Q9vgkHpI3alNjr7M+a2St5pw5w5F6NL5/Q==",
      "license": "Apache-2.0",
      "dependencies": {
        "@chevrotain/types": "11.0.3",
        "lodash-es": "4.17.21"
      }
    },
    "node_modules/@chevrotain/regexp-to-ast": {
      "version": "11.0.3",
      "resolved": "https://registry.npmjs.org/@chevrotain/regexp-to-ast/-/regexp-to-ast-11.0.3.tgz",
      "integrity": "sha512-1fMHaBZxLFvWI067AVbGJav1eRY7N8DDvYCTwGBiE/ytKBgP8azTdgyrKyWZ9Mfh09eHWb5PgTSO8wi7U824RA==",
      "license": "Apache-2.0"
    },
    "node_modules/@chevrotain/types": {
      "version": "11.0.3",
      "resolved": "https://registry.npmjs.org/@chevrotain/types/-/types-11.0.3.tgz",
      "integrity": "sha512-gsiM3G8b58kZC2HaWR50gu6Y1440cHiJ+i3JUvcp/35JchYejb2+5MVeJK0iKThYpAa/P2PYFV4hoi44HD+aHQ==",
      "license": "Apache-2.0"
    },
    "node_modules/@chevrotain/utils": {
      "version": "11.0.3",
      "resolved": "https://registry.npmjs.org/@chevrotain/utils/-/utils-11.0.3.tgz",
      "integrity": "sha512-YslZMgtJUyuMbZ+aKvfF3x1f5liK4mWNxghFRv7jqRR9C3R3fAOGTTKvxXDa2Y1s9zSbcpuO0cAxDYsc9SrXoQ==",
      "license": "Apache-2.0"
    },
    "node_modules/chevrotain": {
      "version": "11.0.3",
      "resolved": "https://registry.npmjs.org/chevrotain/-/chevrotain-11.0.3.tgz",
      "integrity": "sha512-ci2iJH6LeIkvP9eJW6gpueU8cnZhv85ELY8w8WiFtNjMHA5ad6pQLaJo9mEly/9qUyCpvqX8/POVUTf18/HFdw==",
      "license": "Apache-2.0",
      "dependencies": {
        "@chevrotain/cst-dts-gen": "11.0.3",
        "@chevrotain/gast": "11.0.3",
        "@chevrotain/regexp-to-ast": "11.0.3",
        "@chevrotain/types": "11.0.3",
        "@chevrotain/utils": "11.0.3",
        "lodash-es": "4.17.21"
      }
    },
    "node_modules/core-js-pure": {
      "version": "3.45.1",
      "resolved": "https://registry.npmjs.org/core-js-pure/-/core-js-pure-3.45.1.tgz",
      "integrity": "sha512-OHnWFKgTUshEU8MK+lOs1H8kC8GkTi9Z1tvNkxrCcw9wl3MJIO7q2ld77wjWn4/xuGrVu2X+nME1iIIPBSdyEQ==",
      "hasInstallScript": true,
      "license": "MIT",
      "funding": {
        "type": "opencollective",
        "url": "https://opencollective.com/core-js"
      }
    },
    "node_modules/js-toml": {
      "version": "1.0.2",
      "resolved": "https://registry.npmjs.org/js-toml/-/js-toml-1.0.2.tgz",
      "integrity": "sha512-/7IQ//bzn2a/5IDazPUNzlW7bsjxS51cxciYZDR+Z+3Le60yzT0YfI8KOWqTtBcZkXXVklhWd2OuGd8ZksB0wQ==",
      "license": "MIT",
      "dependencies": {
        "chevrotain": "^11.0.3",
        "xregexp": "^5.1.1"
      }
    },
    "node_modules/lodash-es": {
      "version": "4.17.21",
      "resolved": "https://registry.npmjs.org/lodash-es/-/lodash-es-4.17.21.tgz",
      "integrity": "sha512-mKnC+QJ9pWVzv+C4/U3rRsHapFfHvQFoFB92e52xeyGMcX6/OlIl78je1u8vePzYZSkkogMPJ2yjxxsb89cxyw==",
      "license": "MIT"
    },
    "node_modules/toml": {
      "version": "3.0.0",
      "resolved": "https://registry.npmjs.org/toml/-/toml-3.0.0.tgz",
      "integrity": "sha512-y/mWCZinnvxjTKYhJ+pYxwD0mRLVvOtdS2Awbgxln6iEnt4rk0yBxeSBHkGJcPucRiG0e55mwWp+g/05rsrd6w==",
      "license": "MIT"
    },
    "node_modules/xregexp": {
      "version": "5.1.2",
      "resolved": "https://registry.npmjs.org/xregexp/-/xregexp-5.1.2.tgz",
      "integrity": "sha512-6hGgEMCGhqCTFEJbqmWrNIPqfpdirdGWkqshu7fFZddmTSfgv5Sn9D2SaKloR79s5VUiUlpwzg3CM3G6D3VIlw==",
      "license": "MIT",
      "dependencies": {
        "@babel/runtime-corejs3": "^7.26.9"
      }
    }
  }
}
